{
  "object": {
    "pins": [
      {
        "package": "AsyncRequest",
        "repositoryURL": "https://github.com/JuanjoArreola/AsyncRequest.git",
        "state": {
          "branch": null,
          "revision": "79ff3093749d325465bed47e6553e630d9020020",
          "version": "2.3.0"
        }
      },
      {
        "package": "Logg",
        "repositoryURL": "https://github.com/JuanjoArreola/Logg.git",
        "state": {
          "branch": null,
          "revision": "a09a60f540e1947bff2aeaf9b0510a59e88f130d",
          "version": "2.2.0"
        }
      }
    ]
  },
  "version": 1
}
